// !$*UTF8*$!
{
	archiveVersion = 1;
	classes = {
	};
	objectVersion = 55;
	objects = {

/* Begin PBXBuildFile section */
		C665CEDF2822E1F400B8CDD7 /* AppDelegate.swift in Sources */ = {isa = PBXBuildFile; fileRef = C665CEDE2822E1F400B8CDD7 /* AppDelegate.swift */; };
		C665CEE12822E1F400B8CDD7 /* SceneDelegate.swift in Sources */ = {isa = PBXBuildFile; fileRef = C665CEE02822E1F400B8CDD7 /* SceneDelegate.swift */; };
		C665CEE32822E1F400B8CDD7 /* ViewController.swift in Sources */ = {isa = PBXBuildFile; fileRef = C665CEE22822E1F400B8CDD7 /* ViewController.swift */; };
		C665CEE62822E1F400B8CDD7 /* Main.storyboard in Resources */ = {isa = PBXBuildFile; fileRef = C665CEE42822E1F400B8CDD7 /* Main.storyboard */; };
		C665CEE82822E1F500B8CDD7 /* Assets.xcassets in Resources */ = {isa = PBXBuildFile; fileRef = C665CEE72822E1F500B8CDD7 /* Assets.xcassets */; };
		C665CEEB2822E1F500B8CDD7 /* LaunchScreen.storyboard in Resources */ = {isa = PBXBuildFile; fileRef = C665CEE92822E1F500B8CDD7 /* LaunchScreen.storyboard */; };
		C665CEF62822E1F500B8CDD7 /* VideoGames_ApiTests.swift in Sources */ = {isa = PBXBuildFile; fileRef = C665CEF52822E1F500B8CDD7 /* VideoGames_ApiTests.swift */; };
		C665CF002822E1F500B8CDD7 /* VideoGames_ApiUITests.swift in Sources */ = {isa = PBXBuildFile; fileRef = C665CEFF2822E1F500B8CDD7 /* VideoGames_ApiUITests.swift */; };
		C665CF022822E1F600B8CDD7 /* VideoGames_ApiUITestsLaunchTests.swift in Sources */ = {isa = PBXBuildFile; fileRef = C665CF012822E1F600B8CDD7 /* VideoGames_ApiUITestsLaunchTests.swift */; };
		C665CF0F2822E34B00B8CDD7 /* FakeData.swift in Sources */ = {isa = PBXBuildFile; fileRef = C665CF0E2822E34B00B8CDD7 /* FakeData.swift */; };
		C665CF112822E36A00B8CDD7 /* Result.swift in Sources */ = {isa = PBXBuildFile; fileRef = C665CF102822E36A00B8CDD7 /* Result.swift */; };
		C665CF132822E38500B8CDD7 /* Game.swift in Sources */ = {isa = PBXBuildFile; fileRef = C665CF122822E38500B8CDD7 /* Game.swift */; };
		C665CF152822E3A900B8CDD7 /* JSONNull.swift in Sources */ = {isa = PBXBuildFile; fileRef = C665CF142822E3A900B8CDD7 /* JSONNull.swift */; };
		C665CF172822E9BE00B8CDD7 /* TableViewCell.swift in Sources */ = {isa = PBXBuildFile; fileRef = C665CF162822E9BE00B8CDD7 /* TableViewCell.swift */; };
		C665CF192822EAC400B8CDD7 /* dataCollection.swift in Sources */ = {isa = PBXBuildFile; fileRef = C665CF182822EAC400B8CDD7 /* dataCollection.swift */; };
/* End PBXBuildFile section */

/* Begin PBXContainerItemProxy section */
		C665CEF22822E1F500B8CDD7 /* PBXContainerItemProxy */ = {
			isa = PBXContainerItemProxy;
			containerPortal = C665CED32822E1F400B8CDD7 /* Project object */;
			proxyType = 1;
			remoteGlobalIDString = C665CEDA2822E1F400B8CDD7;
			remoteInfo = VideoGames_Api;
		};
		C665CEFC2822E1F500B8CDD7 /* PBXContainerItemProxy */ = {
			isa = PBXContainerItemProxy;
			containerPortal = C665CED32822E1F400B8CDD7 /* Project object */;
			proxyType = 1;
			remoteGlobalIDString = C665CEDA2822E1F400B8CDD7;
			remoteInfo = VideoGames_Api;
		};
/* End PBXContainerItemProxy section */

/* Begin PBXFileReference section */
		C665CEDB2822E1F400B8CDD7 /* VideoGames_Api.app */ = {isa = PBXFileReference; explicitFileType = wrapper.application; includeInIndex = 0; path = VideoGames_Api.app; sourceTree = BUILT_PRODUCTS_DIR; };
		C665CEDE2822E1F400B8CDD7 /* AppDelegate.swift */ = {isa = PBXFileReference; lastKnownFileType = sourcecode.swift; path = AppDelegate.swift; sourceTree = "<group>"; };
		C665CEE02822E1F400B8CDD7 /* SceneDelegate.swift */ = {isa = PBXFileReference; lastKnownFileType = sourcecode.swift; path = SceneDelegate.swift; sourceTree = "<group>"; };
		C665CEE22822E1F400B8CDD7 /* ViewController.swift */ = {isa = PBXFileReference; lastKnownFileType = sourcecode.swift; path = ViewController.swift; sourceTree = "<group>"; };
		C665CEE52822E1F400B8CDD7 /* Base */ = {isa = PBXFileReference; lastKnownFileType = file.storyboard; name = Base; path = Base.lproj/Main.storyboard; sourceTree = "<group>"; };
		C665CEE72822E1F500B8CDD7 /* Assets.xcassets */ = {isa = PBXFileReference; lastKnownFileType = folder.assetcatalog; path = Assets.xcassets; sourceTree = "<group>"; };
		C665CEEA2822E1F500B8CDD7 /* Base */ = {isa = PBXFileReference; lastKnownFileType = file.storyboard; name = Base; path = Base.lproj/LaunchScreen.storyboard; sourceTree = "<group>"; };
		C665CEEC2822E1F500B8CDD7 /* Info.plist */ = {isa = PBXFileReference; lastKnownFileType = text.plist.xml; path = Info.plist; sourceTree = "<group>"; };
		C665CEF12822E1F500B8CDD7 /* VideoGames_ApiTests.xctest */ = {isa = PBXFileReference; explicitFileType = wrapper.cfbundle; includeInIndex = 0; path = VideoGames_ApiTests.xctest; sourceTree = BUILT_PRODUCTS_DIR; };
		C665CEF52822E1F500B8CDD7 /* VideoGames_ApiTests.swift */ = {isa = PBXFileReference; lastKnownFileType = sourcecode.swift; path = VideoGames_ApiTests.swift; sourceTree = "<group>"; };
		C665CEFB2822E1F500B8CDD7 /* VideoGames_ApiUITests.xctest */ = {isa = PBXFileReference; explicitFileType = wrapper.cfbundle; includeInIndex = 0; path = VideoGames_ApiUITests.xctest; sourceTree = BUILT_PRODUCTS_DIR; };
		C665CEFF2822E1F500B8CDD7 /* VideoGames_ApiUITests.swift */ = {isa = PBXFileReference; lastKnownFileType = sourcecode.swift; path = VideoGames_ApiUITests.swift; sourceTree = "<group>"; };
		C665CF012822E1F600B8CDD7 /* VideoGames_ApiUITestsLaunchTests.swift */ = {isa = PBXFileReference; lastKnownFileType = sourcecode.swift; path = VideoGames_ApiUITestsLaunchTests.swift; sourceTree = "<group>"; };
		C665CF0E2822E34B00B8CDD7 /* FakeData.swift */ = {isa = PBXFileReference; lastKnownFileType = sourcecode.swift; path = FakeData.swift; sourceTree = "<group>"; };
		C665CF102822E36A00B8CDD7 /* Result.swift */ = {isa = PBXFileReference; lastKnownFileType = sourcecode.swift; path = Result.swift; sourceTree = "<group>"; };
		C665CF122822E38500B8CDD7 /* Game.swift */ = {isa = PBXFileReference; lastKnownFileType = sourcecode.swift; path = Game.swift; sourceTree = "<group>"; };
		C665CF142822E3A900B8CDD7 /* JSONNull.swift */ = {isa = PBXFileReference; lastKnownFileType = sourcecode.swift; path = JSONNull.swift; sourceTree = "<group>"; };
		C665CF162822E9BE00B8CDD7 /* TableViewCell.swift */ = {isa = PBXFileReference; lastKnownFileType = sourcecode.swift; path = TableViewCell.swift; sourceTree = "<group>"; };
		C665CF182822EAC400B8CDD7 /* dataCollection.swift */ = {isa = PBXFileReference; lastKnownFileType = sourcecode.swift; path = dataCollection.swift; sourceTree = "<group>"; };
/* End PBXFileReference section */

/* Begin PBXFrameworksBuildPhase section */
		C665CED82822E1F400B8CDD7 /* Frameworks */ = {
			isa = PBXFrameworksBuildPhase;
			buildActionMask = 2147483647;
			files = (
			);
			runOnlyForDeploymentPostprocessing = 0;
		};
		C665CEEE2822E1F500B8CDD7 /* Frameworks */ = {
			isa = PBXFrameworksBuildPhase;
			buildActionMask = 2147483647;
			files = (
			);
			runOnlyForDeploymentPostprocessing = 0;
		};
		C665CEF82822E1F500B8CDD7 /* Frameworks */ = {
			isa = PBXFrameworksBuildPhase;
			buildActionMask = 2147483647;
			files = (
			);
			runOnlyForDeploymentPostprocessing = 0;
		};
/* End PBXFrameworksBuildPhase section */

/* Begin PBXGroup section */
		C665CED22822E1F400B8CDD7 = {
			isa = PBXGroup;
			children = (
				C665CEDD2822E1F400B8CDD7 /* VideoGames_Api */,
				C665CEF42822E1F500B8CDD7 /* VideoGames_ApiTests */,
				C665CEFE2822E1F500B8CDD7 /* VideoGames_ApiUITests */,
				C665CEDC2822E1F400B8CDD7 /* Products */,
			);
			sourceTree = "<group>";
		};
		C665CEDC2822E1F400B8CDD7 /* Products */ = {
			isa = PBXGroup;
			children = (
				C665CEDB2822E1F400B8CDD7 /* VideoGames_Api.app */,
				C665CEF12822E1F500B8CDD7 /* VideoGames_ApiTests.xctest */,
				C665CEFB2822E1F500B8CDD7 /* VideoGames_ApiUITests.xctest */,
			);
			name = Products;
			sourceTree = "<group>";
		};
		C665CEDD2822E1F400B8CDD7 /* VideoGames_Api */ = {
			isa = PBXGroup;
			children = (
				C665CEDE2822E1F400B8CDD7 /* AppDelegate.swift */,
				C665CEE02822E1F400B8CDD7 /* SceneDelegate.swift */,
				C665CEE22822E1F400B8CDD7 /* ViewController.swift */,
				C665CEE42822E1F400B8CDD7 /* Main.storyboard */,
				C665CEE72822E1F500B8CDD7 /* Assets.xcassets */,
				C665CEE92822E1F500B8CDD7 /* LaunchScreen.storyboard */,
				C665CEEC2822E1F500B8CDD7 /* Info.plist */,
				C665CF0E2822E34B00B8CDD7 /* FakeData.swift */,
				C665CF102822E36A00B8CDD7 /* Result.swift */,
				C665CF122822E38500B8CDD7 /* Game.swift */,
				C665CF142822E3A900B8CDD7 /* JSONNull.swift */,
				C665CF162822E9BE00B8CDD7 /* TableViewCell.swift */,
				C665CF182822EAC400B8CDD7 /* dataCollection.swift */,
			);
			path = VideoGames_Api;
			sourceTree = "<group>";
		};
		C665CEF42822E1F500B8CDD7 /* VideoGames_ApiTests */ = {
			isa = PBXGroup;
			children = (
				C665CEF52822E1F500B8CDD7 /* VideoGames_ApiTests.swift */,
			);
			path = VideoGames_ApiTests;
			sourceTree = "<group>";
		};
		C665CEFE2822E1F500B8CDD7 /* VideoGames_ApiUITests */ = {
			isa = PBXGroup;
			children = (
				C665CEFF2822E1F500B8CDD7 /* VideoGames_ApiUITests.swift */,
				C665CF012822E1F600B8CDD7 /* VideoGames_ApiUITestsLaunchTests.swift */,
			);
			path = VideoGames_ApiUITests;
			sourceTree = "<group>";
		};
/* End PBXGroup section */

/* Begin PBXNativeTarget section */
		C665CEDA2822E1F400B8CDD7 /* VideoGames_Api */ = {
			isa = PBXNativeTarget;
			buildConfigurationList = C665CF052822E1F600B8CDD7 /* Build configuration list for PBXNativeTarget "VideoGames_Api" */;
			buildPhases = (
				C665CED72822E1F400B8CDD7 /* Sources */,
				C665CED82822E1F400B8CDD7 /* Frameworks */,
				C665CED92822E1F400B8CDD7 /* Resources */,
			);
			buildRules = (
			);
			dependencies = (
			);
			name = VideoGames_Api;
			productName = VideoGames_Api;
			productReference = C665CEDB2822E1F400B8CDD7 /* VideoGames_Api.app */;
			productType = "com.apple.product-type.application";
		};
		C665CEF02822E1F500B8CDD7 /* VideoGames_ApiTests */ = {
			isa = PBXNativeTarget;
			buildConfigurationList = C665CF082822E1F600B8CDD7 /* Build configuration list for PBXNativeTarget "VideoGames_ApiTests" */;
			buildPhases = (
				C665CEED2822E1F500B8CDD7 /* Sources */,
				C665CEEE2822E1F500B8CDD7 /* Frameworks */,
				C665CEEF2822E1F500B8CDD7 /* Resources */,
			);
			buildRules = (
			);
			dependencies = (
				C665CEF32822E1F500B8CDD7 /* PBXTargetDependency */,
			);
			name = VideoGames_ApiTests;
			productName = VideoGames_ApiTests;
			productReference = C665CEF12822E1F500B8CDD7 /* VideoGames_ApiTests.xctest */;
			productType = "com.apple.product-type.bundle.unit-test";
		};
		C665CEFA2822E1F500B8CDD7 /* VideoGames_ApiUITests */ = {
			isa = PBXNativeTarget;
			buildConfigurationList = C665CF0B2822E1F600B8CDD7 /* Build configuration list for PBXNativeTarget "VideoGames_ApiUITests" */;
			buildPhases = (
				C665CEF72822E1F500B8CDD7 /* Sources */,
				C665CEF82822E1F500B8CDD7 /* Frameworks */,
				C665CEF92822E1F500B8CDD7 /* Resources */,
			);
			buildRules = (
			);
			dependencies = (
				C665CEFD2822E1F500B8CDD7 /* PBXTargetDependency */,
			);
			name = VideoGames_ApiUITests;
			productName = VideoGames_ApiUITests;
			productReference = C665CEFB2822E1F500B8CDD7 /* VideoGames_ApiUITests.xctest */;
			productType = "com.apple.product-type.bundle.ui-testing";
		};
/* End PBXNativeTarget section */

/* Begin PBXProject section */
		C665CED32822E1F400B8CDD7 /* Project object */ = {
			isa = PBXProject;
			attributes = {
				BuildIndependentTargetsInParallel = 1;
				LastSwiftUpdateCheck = 1310;
				LastUpgradeCheck = 1310;
				TargetAttributes = {
					C665CEDA2822E1F400B8CDD7 = {
						CreatedOnToolsVersion = 13.1;
					};
					C665CEF02822E1F500B8CDD7 = {
						CreatedOnToolsVersion = 13.1;
						TestTargetID = C665CEDA2822E1F400B8CDD7;
					};
					C665CEFA2822E1F500B8CDD7 = {
						CreatedOnToolsVersion = 13.1;
						TestTargetID = C665CEDA2822E1F400B8CDD7;
					};
				};
			};
			buildConfigurationList = C665CED62822E1F400B8CDD7 /* Build configuration list for PBXProject "VideoGames_Api" */;
			compatibilityVersion = "Xcode 13.0";
			developmentRegion = en;
			hasScannedForEncodings = 0;
			knownRegions = (
				en,
				Base,
			);
			mainGroup = C665CED22822E1F400B8CDD7;
			productRefGroup = C665CEDC2822E1F400B8CDD7 /* Products */;
			projectDirPath = "";
			projectRoot = "";
			targets = (
				C665CEDA2822E1F400B8CDD7 /* VideoGames_Api */,
				C665CEF02822E1F500B8CDD7 /* VideoGames_ApiTests */,
				C665CEFA2822E1F500B8CDD7 /* VideoGames_ApiUITests */,
			);
		};
/* End PBXProject section */

/* Begin PBXResourcesBuildPhase section */
		C665CED92822E1F400B8CDD7 /* Resources */ = {
			isa = PBXResourcesBuildPhase;
			buildActionMask = 2147483647;
			files = (
				C665CEEB2822E1F500B8CDD7 /* LaunchScreen.storyboard in Resources */,
				C665CEE82822E1F500B8CDD7 /* Assets.xcassets in Resources */,
				C665CEE62822E1F400B8CDD7 /* Main.storyboard in Resources */,
			);
			runOnlyForDeploymentPostprocessing = 0;
		};
		C665CEEF2822E1F500B8CDD7 /* Resources */ = {
			isa = PBXResourcesBuildPhase;
			buildActionMask = 2147483647;
			files = (
			);
			runOnlyForDeploymentPostprocessing = 0;
		};
		C665CEF92822E1F500B8CDD7 /* Resources */ = {
			isa = PBXResourcesBuildPhase;
			buildActionMask = 2147483647;
			files = (
			);
			runOnlyForDeploymentPostprocessing = 0;
		};
/* End PBXResourcesBuildPhase section */

/* Begin PBXSourcesBuildPhase section */
		C665CED72822E1F400B8CDD7 /* Sources */ = {
			isa = PBXSourcesBuildPhase;
			buildActionMask = 2147483647;
			files = (
				C665CEE32822E1F400B8CDD7 /* ViewController.swift in Sources */,
				C665CF172822E9BE00B8CDD7 /* TableViewCell.swift in Sources */,
				C665CF132822E38500B8CDD7 /* Game.swift in Sources */,
				C665CF152822E3A900B8CDD7 /* JSONNull.swift in Sources */,
				C665CF112822E36A00B8CDD7 /* Result.swift in Sources */,
				C665CEDF2822E1F400B8CDD7 /* AppDelegate.swift in Sources */,
				C665CF192822EAC400B8CDD7 /* dataCollection.swift in Sources */,
				C665CF0F2822E34B00B8CDD7 /* FakeData.swift in Sources */,
				C665CEE12822E1F400B8CDD7 /* SceneDelegate.swift in Sources */,
			);
			runOnlyForDeploymentPostprocessing = 0;
		};
		C665CEED2822E1F500B8CDD7 /* Sources */ = {
			isa = PBXSourcesBuildPhase;
			buildActionMask = 2147483647;
			files = (
				C665CEF62822E1F500B8CDD7 /* VideoGames_ApiTests.swift in Sources */,
			);
			runOnlyForDeploymentPostprocessing = 0;
		};
		C665CEF72822E1F500B8CDD7 /* Sources */ = {
			isa = PBXSourcesBuildPhase;
			buildActionMask = 2147483647;
			files = (
				C665CF002822E1F500B8CDD7 /* VideoGames_ApiUITests.swift in Sources */,
				C665CF022822E1F600B8CDD7 /* VideoGames_ApiUITestsLaunchTests.swift in Sources */,
			);
			runOnlyForDeploymentPostprocessing = 0;
		};
/* End PBXSourcesBuildPhase section */

/* Begin PBXTargetDependency section */
		C665CEF32822E1F500B8CDD7 /* PBXTargetDependency */ = {
			isa = PBXTargetDependency;
			target = C665CEDA2822E1F400B8CDD7 /* VideoGames_Api */;
			targetProxy = C665CEF22822E1F500B8CDD7 /* PBXContainerItemProxy */;
		};
		C665CEFD2822E1F500B8CDD7 /* PBXTargetDependency */ = {
			isa = PBXTargetDependency;
			target = C665CEDA2822E1F400B8CDD7 /* VideoGames_Api */;
			targetProxy = C665CEFC2822E1F500B8CDD7 /* PBXContainerItemProxy */;
		};
/* End PBXTargetDependency section */

/* Begin PBXVariantGroup section */
		C665CEE42822E1F400B8CDD7 /* Main.storyboard */ = {
			isa = PBXVariantGroup;
			children = (
				C665CEE52822E1F400B8CDD7 /* Base */,
			);
			name = Main.storyboard;
			sourceTree = "<group>";
		};
		C665CEE92822E1F500B8CDD7 /* LaunchScreen.storyboard */ = {
			isa = PBXVariantGroup;
			children = (
				C665CEEA2822E1F500B8CDD7 /* Base */,
			);
			name = LaunchScreen.storyboard;
			sourceTree = "<group>";
		};
/* End PBXVariantGroup section */

/* Begin XCBuildConfiguration section */
		C665CF032822E1F600B8CDD7 /* Debug */ = {
			isa = XCBuildConfiguration;
			buildSettings = {
				ALWAYS_SEARCH_USER_PATHS = NO;
				CLANG_ANALYZER_NONNULL = YES;
				CLANG_ANALYZER_NUMBER_OBJECT_CONVERSION = YES_AGGRESSIVE;
				CLANG_CXX_LANGUAGE_STANDARD = "gnu++17";
				CLANG_CXX_LIBRARY = "libc++";
				CLANG_ENABLE_MODULES = YES;
				CLANG_ENABLE_OBJC_ARC = YES;
				CLANG_ENABLE_OBJC_WEAK = YES;
				CLANG_WARN_BLOCK_CAPTURE_AUTORELEASING = YES;
				CLANG_WARN_BOOL_CONVERSION = YES;
				CLANG_WARN_COMMA = YES;
				CLANG_WARN_CONSTANT_CONVERSION = YES;
				CLANG_WARN_DEPRECATED_OBJC_IMPLEMENTATIONS = YES;
				CLANG_WARN_DIRECT_OBJC_ISA_USAGE = YES_ERROR;
				CLANG_WARN_DOCUMENTATION_COMMENTS = YES;
				CLANG_WARN_EMPTY_BODY = YES;
				CLANG_WARN_ENUM_CONVERSION = YES;
				CLANG_WARN_INFINITE_RECURSION = YES;
				CLANG_WARN_INT_CONVERSION = YES;
				CLANG_WARN_NON_LITERAL_NULL_CONVERSION = YES;
				CLANG_WARN_OBJC_IMPLICIT_RETAIN_SELF = YES;
				CLANG_WARN_OBJC_LITERAL_CONVERSION = YES;
				CLANG_WARN_OBJC_ROOT_CLASS = YES_ERROR;
				CLANG_WARN_QUOTED_INCLUDE_IN_FRAMEWORK_HEADER = YES;
				CLANG_WARN_RANGE_LOOP_ANALYSIS = YES;
				CLANG_WARN_STRICT_PROTOTYPES = YES;
				CLANG_WARN_SUSPICIOUS_MOVE = YES;
				CLANG_WARN_UNGUARDED_AVAILABILITY = YES_AGGRESSIVE;
				CLANG_WARN_UNREACHABLE_CODE = YES;
				CLANG_WARN__DUPLICATE_METHOD_MATCH = YES;
				COPY_PHASE_STRIP = NO;
				DEBUG_INFORMATION_FORMAT = dwarf;
				ENABLE_STRICT_OBJC_MSGSEND = YES;
				ENABLE_TESTABILITY = YES;
				GCC_C_LANGUAGE_STANDARD = gnu11;
				GCC_DYNAMIC_NO_PIC = NO;
				GCC_NO_COMMON_BLOCKS = YES;
				GCC_OPTIMIZATION_LEVEL = 0;
				GCC_PREPROCESSOR_DEFINITIONS = (
					"DEBUG=1",
					"$(inherited)",
				);
				GCC_WARN_64_TO_32_BIT_CONVERSION = YES;
				GCC_WARN_ABOUT_RETURN_TYPE = YES_ERROR;
				GCC_WARN_UNDECLARED_SELECTOR = YES;
				GCC_WARN_UNINITIALIZED_AUTOS = YES_AGGRESSIVE;
				GCC_WARN_UNUSED_FUNCTION = YES;
				GCC_WARN_UNUSED_VARIABLE = YES;
				IPHONEOS_DEPLOYMENT_TARGET = 15.0;
				MTL_ENABLE_DEBUG_INFO = INCLUDE_SOURCE;
				MTL_FAST_MATH = YES;
				ONLY_ACTIVE_ARCH = YES;
				SDKROOT = iphoneos;
				SWIFT_ACTIVE_COMPILATION_CONDITIONS = DEBUG;
				SWIFT_OPTIMIZATION_LEVEL = "-Onone";
			};
			name = Debug;
		};
		C665CF042822E1F600B8CDD7 /* Release */ = {
			isa = XCBuildConfiguration;
			buildSettings = {
				ALWAYS_SEARCH_USER_PATHS = NO;
				CLANG_ANALYZER_NONNULL = YES;
				CLANG_ANALYZER_NUMBER_OBJECT_CONVERSION = YES_AGGRESSIVE;
				CLANG_CXX_LANGUAGE_STANDARD = "gnu++17";
				CLANG_CXX_LIBRARY = "libc++";
				CLANG_ENABLE_MODULES = YES;
				CLANG_ENABLE_OBJC_ARC = YES;
				CLANG_ENABLE_OBJC_WEAK = YES;
				CLANG_WARN_BLOCK_CAPTURE_AUTORELEASING = YES;
				CLANG_WARN_BOOL_CONVERSION = YES;
				CLANG_WARN_COMMA = YES;
				CLANG_WARN_CONSTANT_CONVERSION = YES;
				CLANG_WARN_DEPRECATED_OBJC_IMPLEMENTATIONS = YES;
				CLANG_WARN_DIRECT_OBJC_ISA_USAGE = YES_ERROR;
				CLANG_WARN_DOCUMENTATION_COMMENTS = YES;
				CLANG_WARN_EMPTY_BODY = YES;
				CLANG_WARN_ENUM_CONVERSION = YES;
				CLANG_WARN_INFINITE_RECURSION = YES;
				CLANG_WARN_INT_CONVERSION = YES;
				CLANG_WARN_NON_LITERAL_NULL_CONVERSION = YES;
				CLANG_WARN_OBJC_IMPLICIT_RETAIN_SELF = YES;
				CLANG_WARN_OBJC_LITERAL_CONVERSION = YES;
				CLANG_WARN_OBJC_ROOT_CLASS = YES_ERROR;
				CLANG_WARN_QUOTED_INCLUDE_IN_FRAMEWORK_HEADER = YES;
				CLANG_WARN_RANGE_LOOP_ANALYSIS = YES;
				CLANG_WARN_STRICT_PROTOTYPES = YES;
				CLANG_WARN_SUSPICIOUS_MOVE = YES;
				CLANG_WARN_UNGUARDED_AVAILABILITY = YES_AGGRESSIVE;
				CLANG_WARN_UNREACHABLE_CODE = YES;
				CLANG_WARN__DUPLICATE_METHOD_MATCH = YES;
				COPY_PHASE_STRIP = NO;
				DEBUG_INFORMATION_FORMAT = "dwarf-with-dsym";
				ENABLE_NS_ASSERTIONS = NO;
				ENABLE_STRICT_OBJC_MSGSEND = YES;
				GCC_C_LANGUAGE_STANDARD = gnu11;
				GCC_NO_COMMON_BLOCKS = YES;
				GCC_WARN_64_TO_32_BIT_CONVERSION = YES;
				GCC_WARN_ABOUT_RETURN_TYPE = YES_ERROR;
				GCC_WARN_UNDECLARED_SELECTOR = YES;
				GCC_WARN_UNINITIALIZED_AUTOS = YES_AGGRESSIVE;
				GCC_WARN_UNUSED_FUNCTION = YES;
				GCC_WARN_UNUSED_VARIABLE = YES;
				IPHONEOS_DEPLOYMENT_TARGET = 15.0;
				MTL_ENABLE_DEBUG_INFO = NO;
				MTL_FAST_MATH = YES;
				SDKROOT = iphoneos;
				SWIFT_COMPILATION_MODE = wholemodule;
				SWIFT_OPTIMIZATION_LEVEL = "-O";
				VALIDATE_PRODUCT = YES;
			};
			name = Release;
		};
		C665CF062822E1F600B8CDD7 /* Debug */ = {
			isa = XCBuildConfiguration;
			buildSettings = {
				ASSETCATALOG_COMPILER_APPICON_NAME = AppIcon;
				ASSETCATALOG_COMPILER_GLOBAL_ACCENT_COLOR_NAME = AccentColor;
				CODE_SIGN_STYLE = Automatic;
				CURRENT_PROJECT_VERSION = 1;
				DEVELOPMENT_TEAM = AR699W2TVW;
				GENERATE_INFOPLIST_FILE = YES;
				INFOPLIST_FILE = VideoGames_Api/Info.plist;
				INFOPLIST_KEY_UIApplicationSupportsIndirectInputEvents = YES;
				INFOPLIST_KEY_UILaunchStoryboardName = LaunchScreen;
				INFOPLIST_KEY_UIMainStoryboardFile = Main;
				INFOPLIST_KEY_UISupportedInterfaceOrientations_iPad = "UIInterfaceOrientationPortrait UIInterfaceOrientationPortraitUpsideDown UIInterfaceOrientationLandscapeLeft UIInterfaceOrientationLandscapeRight";
				INFOPLIST_KEY_UISupportedInterfaceOrientations_iPhone = "UIInterfaceOrientationPortrait UIInterfaceOrientationLandscapeLeft UIInterfaceOrientationLandscapeRight";
				LD_RUNPATH_SEARCH_PATHS = (
					"$(inherited)",
					"@executable_path/Frameworks",
				);
				MARKETING_VERSION = 1.0;
				PRODUCT_BUNDLE_IDENTIFIER = "Hellosamet.VideoGames-Api";
				PRODUCT_NAME = "$(TARGET_NAME)";
				SWIFT_EMIT_LOC_STRINGS = YES;
				SWIFT_VERSION = 5.0;
				TARGETED_DEVICE_FAMILY = "1,2";
			};
			name = Debug;
		};
		C665CF072822E1F600B8CDD7 /* Release */ = {
			isa = XCBuildConfiguration;
			buildSettings = {
				ASSETCATALOG_COMPILER_APPICON_NAME = AppIcon;
				ASSETCATALOG_COMPILER_GLOBAL_ACCENT_COLOR_NAME = AccentColor;
				CODE_SIGN_STYLE = Automatic;
				CURRENT_PROJECT_VERSION = 1;
				DEVELOPMENT_TEAM = AR699W2TVW;
				GENERATE_INFOPLIST_FILE = YES;
				INFOPLIST_FILE = VideoGames_Api/Info.plist;
				INFOPLIST_KEY_UIApplicationSupportsIndirectInputEvents = YES;
				INFOPLIST_KEY_UILaunchStoryboardName = LaunchScreen;
				INFOPLIST_KEY_UIMainStoryboardFile = Main;
				INFOPLIST_KEY_UISupportedInterfaceOrientations_iPad = "UIInterfaceOrientationPortrait UIInterfaceOrientationPortraitUpsideDown UIInterfaceOrientationLandscapeLeft UIInterfaceOrientationLandscapeRight";
				INFOPLIST_KEY_UISupportedInterfaceOrientations_iPhone = "UIInterfaceOrientationPortrait UIInterfaceOrientationLandscapeLeft UIInterfaceOrientationLandscapeRight";
				LD_RUNPATH_SEARCH_PATHS = (
					"$(inherited)",
					"@executable_path/Frameworks",
				);
				MARKETING_VERSION = 1.0;
				PRODUCT_BUNDLE_IDENTIFIER = "Hellosamet.VideoGames-Api";
				PRODUCT_NAME = "$(TARGET_NAME)";
				SWIFT_EMIT_LOC_STRINGS = YES;
				SWIFT_VERSION = 5.0;
				TARGETED_DEVICE_FAMILY = "1,2";
			};
			name = Release;
		};
		C665CF092822E1F600B8CDD7 /* Debug */ = {
			isa = XCBuildConfiguration;
			buildSettings = {
				ALWAYS_EMBED_SWIFT_STANDARD_LIBRARIES = YES;
				BUNDLE_LOADER = "$(TEST_HOST)";
				CODE_SIGN_STYLE = Automatic;
				CURRENT_PROJECT_VERSION = 1;
				DEVELOPMENT_TEAM = AR699W2TVW;
				GENERATE_INFOPLIST_FILE = YES;
				IPHONEOS_DEPLOYMENT_TARGET = 15.0;
				LD_RUNPATH_SEARCH_PATHS = (
					"$(inherited)",
					"@executable_path/Frameworks",
					"@loader_path/Frameworks",
				);
				MARKETING_VERSION = 1.0;
				PRODUCT_BUNDLE_IDENTIFIER = "Hellosamet.VideoGames-ApiTests";
				PRODUCT_NAME = "$(TARGET_NAME)";
				SWIFT_EMIT_LOC_STRINGS = NO;
				SWIFT_VERSION = 5.0;
				TARGETED_DEVICE_FAMILY = "1,2";
				TEST_HOST = "$(BUILT_PRODUCTS_DIR)/VideoGames_Api.app/VideoGames_Api";
			};
			name = Debug;
		};
		C665CF0A2822E1F600B8CDD7 /* Release */ = {
			isa = XCBuildConfiguration;
			buildSettings = {
				ALWAYS_EMBED_SWIFT_STANDARD_LIBRARIES = YES;
				BUNDLE_LOADER = "$(TEST_HOST)";
				CODE_SIGN_STYLE = Automatic;
				CURRENT_PROJECT_VERSION = 1;
				DEVELOPMENT_TEAM = AR699W2TVW;
				GENERATE_INFOPLIST_FILE = YES;
				IPHONEOS_DEPLOYMENT_TARGET = 15.0;
				LD_RUNPATH_SEARCH_PATHS = (
					"$(inherited)",
					"@executable_path/Frameworks",
					"@loader_path/Frameworks",
				);
				MARKETING_VERSION = 1.0;
				PRODUCT_BUNDLE_IDENTIFIER = "Hellosamet.VideoGames-ApiTests";
				PRODUCT_NAME = "$(TARGET_NAME)";
				SWIFT_EMIT_LOC_STRINGS = NO;
				SWIFT_VERSION = 5.0;
				TARGETED_DEVICE_FAMILY = "1,2";
				TEST_HOST = "$(BUILT_PRODUCTS_DIR)/VideoGames_Api.app/VideoGames_Api";
			};
			name = Release;
		};
		C665CF0C2822E1F600B8CDD7 /* Debug */ = {
			isa = XCBuildConfiguration;
			buildSettings = {
				ALWAYS_EMBED_SWIFT_STANDARD_LIBRARIES = YES;
				CODE_SIGN_STYLE = Automatic;
				CURRENT_PROJECT_VERSION = 1;
				DEVELOPMENT_TEAM = AR699W2TVW;
				GENERATE_INFOPLIST_FILE = YES;
				LD_RUNPATH_SEARCH_PATHS = (
					"$(inherited)",
					"@executable_path/Frameworks",
					"@loader_path/Frameworks",
				);
				MARKETING_VERSION = 1.0;
				PRODUCT_BUNDLE_IDENTIFIER = "Hellosamet.VideoGames-ApiUITests";
				PRODUCT_NAME = "$(TARGET_NAME)";
				SWIFT_EMIT_LOC_STRINGS = NO;
				SWIFT_VERSION = 5.0;
				TARGETED_DEVICE_FAMILY = "1,2";
				TEST_TARGET_NAME = VideoGames_Api;
			};
			name = Debug;
		};
		C665CF0D2822E1F600B8CDD7 /* Release */ = {
			isa = XCBuildConfiguration;
			buildSettings = {
				ALWAYS_EMBED_SWIFT_STANDARD_LIBRARIES = YES;
				CODE_SIGN_STYLE = Automatic;
				CURRENT_PROJECT_VERSION = 1;
				DEVELOPMENT_TEAM = AR699W2TVW;
				GENERATE_INFOPLIST_FILE = YES;
				LD_RUNPATH_SEARCH_PATHS = (
					"$(inherited)",
					"@executable_path/Frameworks",
					"@loader_path/Frameworks",
				);
				MARKETING_VERSION = 1.0;
				PRODUCT_BUNDLE_IDENTIFIER = "Hellosamet.VideoGames-ApiUITests";
				PRODUCT_NAME = "$(TARGET_NAME)";
				SWIFT_EMIT_LOC_STRINGS = NO;
				SWIFT_VERSION = 5.0;
				TARGETED_DEVICE_FAMILY = "1,2";
				TEST_TARGET_NAME = VideoGames_Api;
			};
			name = Release;
		};
/* End XCBuildConfiguration section */

/* Begin XCConfigurationList section */
		C665CED62822E1F400B8CDD7 /* Build configuration list for PBXProject "VideoGames_Api" */ = {
			isa = XCConfigurationList;
			buildConfigurations = (
				C665CF032822E1F600B8CDD7 /* Debug */,
				C665CF042822E1F600B8CDD7 /* Release */,
			);
			defaultConfigurationIsVisible = 0;
			defaultConfigurationName = Release;
		};
		C665CF052822E1F600B8CDD7 /* Build configuration list for PBXNativeTarget "VideoGames_Api" */ = {
			isa = XCConfigurationList;
			buildConfigurations = (
				C665CF062822E1F600B8CDD7 /* Debug */,
				C665CF072822E1F600B8CDD7 /* Release */,
			);
			defaultConfigurationIsVisible = 0;
			defaultConfigurationName = Release;
		};
		C665CF082822E1F600B8CDD7 /* Build configuration list for PBXNativeTarget "VideoGames_ApiTests" */ = {
			isa = XCConfigurationList;
			buildConfigurations = (
				C665CF092822E1F600B8CDD7 /* Debug */,
				C665CF0A2822E1F600B8CDD7 /* Release */,
			);
			defaultConfigurationIsVisible = 0;
			defaultConfigurationName = Release;
		};
		C665CF0B2822E1F600B8CDD7 /* Build configuration list for PBXNativeTarget "VideoGames_ApiUITests" */ = {
			isa = XCConfigurationList;
			buildConfigurations = (
				C665CF0C2822E1F600B8CDD7 /* Debug */,
				C665CF0D2822E1F600B8CDD7 /* Release */,
			);
			defaultConfigurationIsVisible = 0;
			defaultConfigurationName = Release;
		};
/* End XCConfigurationList section */
	};
	rootObject = C665CED32822E1F400B8CDD7 /* Project object */;
}
